// !$*UTF8*$!
{
	archiveVersion = 1;
	classes = {
	};
	objectVersion = 50;
	objects = {

/* Begin PBXBuildFile section */
		04EFCF33248DE2130022A000 /* AppDelegate.m in Sources */ = {isa = PBXBuildFile; fileRef = 04EFCF32248DE2130022A000 /* AppDelegate.m */; };
		04EFCF36248DE2130022A000 /* SceneDelegate.m in Sources */ = {isa = PBXBuildFile; fileRef = 04EFCF35248DE2130022A000 /* SceneDelegate.m */; };
		04EFCF39248DE2130022A000 /* MasterViewController.m in Sources */ = {isa = PBXBuildFile; fileRef = 04EFCF38248DE2130022A000 /* MasterViewController.m */; };
		04EFCF3C248DE2130022A000 /* DetailViewController.m in Sources */ = {isa = PBXBuildFile; fileRef = 04EFCF3B248DE2130022A000 /* DetailViewController.m */; };
		04EFCF3F248DE2130022A000 /* Main.storyboard in Resources */ = {isa = PBXBuildFile; fileRef = 04EFCF3D248DE2130022A000 /* Main.storyboard */; };
		04EFCF41248DE2160022A000 /* Assets.xcassets in Resources */ = {isa = PBXBuildFile; fileRef = 04EFCF40248DE2160022A000 /* Assets.xcassets */; };
		04EFCF44248DE2160022A000 /* LaunchScreen.storyboard in Resources */ = {isa = PBXBuildFile; fileRef = 04EFCF42248DE2160022A000 /* LaunchScreen.storyboard */; };
		04EFCF47248DE2160022A000 /* main.m in Sources */ = {isa = PBXBuildFile; fileRef = 04EFCF46248DE2160022A000 /* main.m */; };
		04EFCF4F248E019C0022A000 /* MYTableViewDiffableDataSource.m in Sources */ = {isa = PBXBuildFile; fileRef = 04EFCF4E248E019C0022A000 /* MYTableViewDiffableDataSource.m */; };
/* End PBXBuildFile section */

/* Begin PBXFileReference section */
		04EFCF2E248DE2130022A000 /* test2.app */ = {isa = PBXFileReference; explicitFileType = wrapper.application; includeInIndex = 0; path = test2.app; sourceTree = BUILT_PRODUCTS_DIR; };
		04EFCF31248DE2130022A000 /* AppDelegate.h */ = {isa = PBXFileReference; lastKnownFileType = sourcecode.c.h; path = AppDelegate.h; sourceTree = "<group>"; };
		04EFCF32248DE2130022A000 /* AppDelegate.m */ = {isa = PBXFileReference; lastKnownFileType = sourcecode.c.objc; path = AppDelegate.m; sourceTree = "<group>"; };
		04EFCF34248DE2130022A000 /* SceneDelegate.h */ = {isa = PBXFileReference; lastKnownFileType = sourcecode.c.h; path = SceneDelegate.h; sourceTree = "<group>"; };
		04EFCF35248DE2130022A000 /* SceneDelegate.m */ = {isa = PBXFileReference; lastKnownFileType = sourcecode.c.objc; path = SceneDelegate.m; sourceTree = "<group>"; };
		04EFCF37248DE2130022A000 /* MasterViewController.h */ = {isa = PBXFileReference; lastKnownFileType = sourcecode.c.h; path = MasterViewController.h; sourceTree = "<group>"; };
		04EFCF38248DE2130022A000 /* MasterViewController.m */ = {isa = PBXFileReference; lastKnownFileType = sourcecode.c.objc; path = MasterViewController.m; sourceTree = "<group>"; };
		04EFCF3A248DE2130022A000 /* DetailViewController.h */ = {isa = PBXFileReference; lastKnownFileType = sourcecode.c.h; path = DetailViewController.h; sourceTree = "<group>"; };
		04EFCF3B248DE2130022A000 /* DetailViewController.m */ = {isa = PBXFileReference; lastKnownFileType = sourcecode.c.objc; path = DetailViewController.m; sourceTree = "<group>"; };
		04EFCF3E248DE2130022A000 /* Base */ = {isa = PBXFileReference; lastKnownFileType = file.storyboard; name = Base; path = Base.lproj/Main.storyboard; sourceTree = "<group>"; };
		04EFCF40248DE2160022A000 /* Assets.xcassets */ = {isa = PBXFileReference; lastKnownFileType = folder.assetcatalog; path = Assets.xcassets; sourceTree = "<group>"; };
		04EFCF43248DE2160022A000 /* Base */ = {isa = PBXFileReference; lastKnownFileType = file.storyboard; name = Base; path = Base.lproj/LaunchScreen.storyboard; sourceTree = "<group>"; };
		04EFCF45248DE2160022A000 /* Info.plist */ = {isa = PBXFileReference; lastKnownFileType = text.plist.xml; path = Info.plist; sourceTree = "<group>"; };
		04EFCF46248DE2160022A000 /* main.m */ = {isa = PBXFileReference; lastKnownFileType = sourcecode.c.objc; path = main.m; sourceTree = "<group>"; };
		04EFCF4D248E019C0022A000 /* MYTableViewDiffableDataSource.h */ = {isa = PBXFileReference; lastKnownFileType = sourcecode.c.h; path = MYTableViewDiffableDataSource.h; sourceTree = "<group>"; };
		04EFCF4E248E019C0022A000 /* MYTableViewDiffableDataSource.m */ = {isa = PBXFileReference; lastKnownFileType = sourcecode.c.objc; path = MYTableViewDiffableDataSource.m; sourceTree = "<group>"; };
/* End PBXFileReference section */

/* Begin PBXFrameworksBuildPhase section */
		04EFCF2B248DE2130022A000 /* Frameworks */ = {
			isa = PBXFrameworksBuildPhase;
			buildActionMask = 2147483647;
			files = (
			);
			runOnlyForDeploymentPostprocessing = 0;
		};
/* End PBXFrameworksBuildPhase section */

/* Begin PBXGroup section */
		04EFCF25248DE2130022A000 = {
			isa = PBXGroup;
			children = (
				04EFCF30248DE2130022A000 /* test2 */,
				04EFCF2F248DE2130022A000 /* Products */,
			);
			sourceTree = "<group>";
		};
		04EFCF2F248DE2130022A000 /* Products */ = {
			isa = PBXGroup;
			children = (
				04EFCF2E248DE2130022A000 /* test2.app */,
			);
			name = Products;
			sourceTree = "<group>";
		};
		04EFCF30248DE2130022A000 /* test2 */ = {
			isa = PBXGroup;
			children = (
				04EFCF31248DE2130022A000 /* AppDelegate.h */,
				04EFCF32248DE2130022A000 /* AppDelegate.m */,
				04EFCF34248DE2130022A000 /* SceneDelegate.h */,
				04EFCF35248DE2130022A000 /* SceneDelegate.m */,
				04EFCF37248DE2130022A000 /* MasterViewController.h */,
				04EFCF38248DE2130022A000 /* MasterViewController.m */,
				04EFCF3A248DE2130022A000 /* DetailViewController.h */,
				04EFCF3B248DE2130022A000 /* DetailViewController.m */,
				04EFCF4D248E019C0022A000 /* MYTableViewDiffableDataSource.h */,
				04EFCF4E248E019C0022A000 /* MYTableViewDiffableDataSource.m */,
				04EFCF3D248DE2130022A000 /* Main.storyboard */,
				04EFCF40248DE2160022A000 /* Assets.xcassets */,
				04EFCF42248DE2160022A000 /* LaunchScreen.storyboard */,
				04EFCF45248DE2160022A000 /* Info.plist */,
				04EFCF46248DE2160022A000 /* main.m */,
			);
			path = test2;
			sourceTree = "<group>";
		};
/* End PBXGroup section */

/* Begin PBXNativeTarget section */
		04EFCF2D248DE2130022A000 /* test2 */ = {
			isa = PBXNativeTarget;
			buildConfigurationList = 04EFCF4A248DE2160022A000 /* Build configuration list for PBXNativeTarget "test2" */;
			buildPhases = (
				04EFCF2A248DE2130022A000 /* Sources */,
				04EFCF2B248DE2130022A000 /* Frameworks */,
				04EFCF2C248DE2130022A000 /* Resources */,
			);
			buildRules = (
			);
			dependencies = (
			);
			name = test2;
			productName = test2;
			productReference = 04EFCF2E248DE2130022A000 /* test2.app */;
			productType = "com.apple.product-type.application";
		};
/* End PBXNativeTarget section */

/* Begin PBXProject section */
		04EFCF26248DE2130022A000 /* Project object */ = {
			isa = PBXProject;
			attributes = {
				LastUpgradeCheck = 1150;
				ORGANIZATIONNAME = test;
				TargetAttributes = {
					04EFCF2D248DE2130022A000 = {
						CreatedOnToolsVersion = 11.5;
					};
				};
			};
			buildConfigurationList = 04EFCF29248DE2130022A000 /* Build configuration list for PBXProject "test2" */;
			compatibilityVersion = "Xcode 9.3";
			developmentRegion = en;
			hasScannedForEncodings = 0;
			knownRegions = (
				en,
				Base,
			);
			mainGroup = 04EFCF25248DE2130022A000;
			productRefGroup = 04EFCF2F248DE2130022A000 /* Products */;
			projectDirPath = "";
			projectRoot = "";
			targets = (
				04EFCF2D248DE2130022A000 /* test2 */,
			);
		};
/* End PBXProject section */

/* Begin PBXResourcesBuildPhase section */
		04EFCF2C248DE2130022A000 /* Resources */ = {
			isa = PBXResourcesBuildPhase;
			buildActionMask = 2147483647;
			files = (
				04EFCF44248DE2160022A000 /* LaunchScreen.storyboard in Resources */,
				04EFCF41248DE2160022A000 /* Assets.xcassets in Resources */,
				04EFCF3F248DE2130022A000 /* Main.storyboard in Resources */,
			);
			runOnlyForDeploymentPostprocessing = 0;
		};
/* End PBXResourcesBuildPhase section */

/* Begin PBXSourcesBuildPhase section */
		04EFCF2A248DE2130022A000 /* Sources */ = {
			isa = PBXSourcesBuildPhase;
			buildActionMask = 2147483647;
			files = (
				04EFCF47248DE2160022A000 /* main.m in Sources */,
				04EFCF33248DE2130022A000 /* AppDelegate.m in Sources */,
				04EFCF39248DE2130022A000 /* MasterViewController.m in Sources */,
				04EFCF4F248E019C0022A000 /* MYTableViewDiffableDataSource.m in Sources */,
				04EFCF36248DE2130022A000 /* SceneDelegate.m in Sources */,
				04EFCF3C248DE2130022A000 /* DetailViewController.m in Sources */,
			);
			runOnlyForDeploymentPostprocessing = 0;
		};
/* End PBXSourcesBuildPhase section */

/* Begin PBXVariantGroup section */
		04EFCF3D248DE2130022A000 /* Main.storyboard */ = {
			isa = PBXVariantGroup;
			children = (
				04EFCF3E248DE2130022A000 /* Base */,
			);
			name = Main.storyboard;
			sourceTree = "<group>";
		};
		04EFCF42248DE2160022A000 /* LaunchScreen.storyboard */ = {
			isa = PBXVariantGroup;
			children = (
				04EFCF43248DE2160022A000 /* Base */,
			);
			name = LaunchScreen.storyboard;
			sourceTree = "<group>";
		};
/* End PBXVariantGroup section */

/* Begin XCBuildConfiguration section */
		04EFCF48248DE2160022A000 /* Debug */ = {
			isa = XCBuildConfiguration;
			buildSettings = {
				ALWAYS_SEARCH_USER_PATHS = NO;
				CLANG_ANALYZER_NONNULL = YES;
				CLANG_ANALYZER_NUMBER_OBJECT_CONVERSION = YES_AGGRESSIVE;
				CLANG_CXX_LANGUAGE_STANDARD = "gnu++14";
				CLANG_CXX_LIBRARY = "libc++";
				CLANG_ENABLE_MODULES = YES;
				CLANG_ENABLE_OBJC_ARC = YES;
				CLANG_ENABLE_OBJC_WEAK = YES;
				CLANG_WARN_BLOCK_CAPTURE_AUTORELEASING = YES;
				CLANG_WARN_BOOL_CONVERSION = YES;
				CLANG_WARN_COMMA = YES;
				CLANG_WARN_CONSTANT_CONVERSION = YES;
				CLANG_WARN_DEPRECATED_OBJC_IMPLEMENTATIONS = YES;
				CLANG_WARN_DIRECT_OBJC_ISA_USAGE = YES_ERROR;
				CLANG_WARN_DOCUMENTATION_COMMENTS = YES;
				CLANG_WARN_EMPTY_BODY = YES;
				CLANG_WARN_ENUM_CONVERSION = YES;
				CLANG_WARN_INFINITE_RECURSION = YES;
				CLANG_WARN_INT_CONVERSION = YES;
				CLANG_WARN_NON_LITERAL_NULL_CONVERSION = YES;
				CLANG_WARN_OBJC_IMPLICIT_RETAIN_SELF = YES;
				CLANG_WARN_OBJC_LITERAL_CONVERSION = YES;
				CLANG_WARN_OBJC_ROOT_CLASS = YES_ERROR;
				CLANG_WARN_RANGE_LOOP_ANALYSIS = YES;
				CLANG_WARN_STRICT_PROTOTYPES = YES;
				CLANG_WARN_SUSPICIOUS_MOVE = YES;
				CLANG_WARN_UNGUARDED_AVAILABILITY = YES_AGGRESSIVE;
				CLANG_WARN_UNREACHABLE_CODE = YES;
				CLANG_WARN__DUPLICATE_METHOD_MATCH = YES;
				COPY_PHASE_STRIP = NO;
				DEBUG_INFORMATION_FORMAT = dwarf;
				ENABLE_STRICT_OBJC_MSGSEND = YES;
				ENABLE_TESTABILITY = YES;
				GCC_C_LANGUAGE_STANDARD = gnu11;
				GCC_DYNAMIC_NO_PIC = NO;
				GCC_NO_COMMON_BLOCKS = YES;
				GCC_OPTIMIZATION_LEVEL = 0;
				GCC_PREPROCESSOR_DEFINITIONS = (
					"DEBUG=1",
					"$(inherited)",
				);
				GCC_WARN_64_TO_32_BIT_CONVERSION = YES;
				GCC_WARN_ABOUT_RETURN_TYPE = YES_ERROR;
				GCC_WARN_UNDECLARED_SELECTOR = YES;
				GCC_WARN_UNINITIALIZED_AUTOS = YES_AGGRESSIVE;
				GCC_WARN_UNUSED_FUNCTION = YES;
				GCC_WARN_UNUSED_VARIABLE = YES;
				IPHONEOS_DEPLOYMENT_TARGET = 13.5;
				MTL_ENABLE_DEBUG_INFO = INCLUDE_SOURCE;
				MTL_FAST_MATH = YES;
				ONLY_ACTIVE_ARCH = YES;
				SDKROOT = iphoneos;
			};
			name = Debug;
		};
		04EFCF49248DE2160022A000 /* Release */ = {
			isa = XCBuildConfiguration;
			buildSettings = {
				ALWAYS_SEARCH_USER_PATHS = NO;
				CLANG_ANALYZER_NONNULL = YES;
				CLANG_ANALYZER_NUMBER_OBJECT_CONVERSION = YES_AGGRESSIVE;
				CLANG_CXX_LANGUAGE_STANDARD = "gnu++14";
				CLANG_CXX_LIBRARY = "libc++";
				CLANG_ENABLE_MODULES = YES;
				CLANG_ENABLE_OBJC_ARC = YES;
				CLANG_ENABLE_OBJC_WEAK = YES;
				CLANG_WARN_BLOCK_CAPTURE_AUTORELEASING = YES;
				CLANG_WARN_BOOL_CONVERSION = YES;
				CLANG_WARN_COMMA = YES;
				CLANG_WARN_CONSTANT_CONVERSION = YES;
				CLANG_WARN_DEPRECATED_OBJC_IMPLEMENTATIONS = YES;
				CLANG_WARN_DIRECT_OBJC_ISA_USAGE = YES_ERROR;
				CLANG_WARN_DOCUMENTATION_COMMENTS = YES;
				CLANG_WARN_EMPTY_BODY = YES;
				CLANG_WARN_ENUM_CONVERSION = YES;
				CLANG_WARN_INFINITE_RECURSION = YES;
				CLANG_WARN_INT_CONVERSION = YES;
				CLANG_WARN_NON_LITERAL_NULL_CONVERSION = YES;
				CLANG_WARN_OBJC_IMPLICIT_RETAIN_SELF = YES;
				CLANG_WARN_OBJC_LITERAL_CONVERSION = YES;
				CLANG_WARN_OBJC_ROOT_CLASS = YES_ERROR;
				CLANG_WARN_RANGE_LOOP_ANALYSIS = YES;
				CLANG_WARN_STRICT_PROTOTYPES = YES;
				CLANG_WARN_SUSPICIOUS_MOVE = YES;
				CLANG_WARN_UNGUARDED_AVAILABILITY = YES_AGGRESSIVE;
				CLANG_WARN_UNREACHABLE_CODE = YES;
				CLANG_WARN__DUPLICATE_METHOD_MATCH = YES;
				COPY_PHASE_STRIP = NO;
				DEBUG_INFORMATION_FORMAT = "dwarf-with-dsym";
				ENABLE_NS_ASSERTIONS = NO;
				ENABLE_STRICT_OBJC_MSGSEND = YES;
				GCC_C_LANGUAGE_STANDARD = gnu11;
				GCC_NO_COMMON_BLOCKS = YES;
				GCC_WARN_64_TO_32_BIT_CONVERSION = YES;
				GCC_WARN_ABOUT_RETURN_TYPE = YES_ERROR;
				GCC_WARN_UNDECLARED_SELECTOR = YES;
				GCC_WARN_UNINITIALIZED_AUTOS = YES_AGGRESSIVE;
				GCC_WARN_UNUSED_FUNCTION = YES;
				GCC_WARN_UNUSED_VARIABLE = YES;
				IPHONEOS_DEPLOYMENT_TARGET = 13.5;
				MTL_ENABLE_DEBUG_INFO = NO;
				MTL_FAST_MATH = YES;
				SDKROOT = iphoneos;
				VALIDATE_PRODUCT = YES;
			};
			name = Release;
		};
		04EFCF4B248DE2160022A000 /* Debug */ = {
			isa = XCBuildConfiguration;
			buildSettings = {
				ASSETCATALOG_COMPILER_APPICON_NAME = AppIcon;
				CODE_SIGN_STYLE = Automatic;
				DEVELOPMENT_TEAM = CX9724CS5M;
				INFOPLIST_FILE = test2/Info.plist;
				LD_RUNPATH_SEARCH_PATHS = (
					"$(inherited)",
					"@executable_path/Frameworks",
				);
				PRODUCT_BUNDLE_IDENTIFIER = "com.edu-edu.test2";
				PRODUCT_NAME = "$(TARGET_NAME)";
				TARGETED_DEVICE_FAMILY = "1,2";
			};
			name = Debug;
		};
		04EFCF4C248DE2160022A000 /* Release */ = {
			isa = XCBuildConfiguration;
			buildSettings = {
				ASSETCATALOG_COMPILER_APPICON_NAME = AppIcon;
				CODE_SIGN_STYLE = Automatic;
				DEVELOPMENT_TEAM = CX9724CS5M;
				INFOPLIST_FILE = test2/Info.plist;
				LD_RUNPATH_SEARCH_PATHS = (
					"$(inherited)",
					"@executable_path/Frameworks",
				);
				PRODUCT_BUNDLE_IDENTIFIER = "com.edu-edu.test2";
				PRODUCT_NAME = "$(TARGET_NAME)";
				TARGETED_DEVICE_FAMILY = "1,2";
			};
			name = Release;
		};
/* End XCBuildConfiguration section */

/* Begin XCConfigurationList section */
		04EFCF29248DE2130022A000 /* Build configuration list for PBXProject "test2" */ = {
			isa = XCConfigurationList;
			buildConfigurations = (
				04EFCF48248DE2160022A000 /* Debug */,
				04EFCF49248DE2160022A000 /* Release */,
			);
			defaultConfigurationIsVisible = 0;
			defaultConfigurationName = Release;
		};
		04EFCF4A248DE2160022A000 /* Build configuration list for PBXNativeTarget "test2" */ = {
			isa = XCConfigurationList;
			buildConfigurations = (
				04EFCF4B248DE2160022A000 /* Debug */,
				04EFCF4C248DE2160022A000 /* Release */,
			);
			defaultConfigurationIsVisible = 0;
			defaultConfigurationName = Release;
		};
/* End XCConfigurationList section */
	};
	rootObject = 04EFCF26248DE2130022A000 /* Project object */;
}
